
Microsoft Visual Studio Solution File, Format Version 12.00
# Visual Studio Version 17
VisualStudioVersion = 17.9.34701.34
MinimumVisualStudioVersion = 10.0.40219.1
Project("{9A19103F-16F7-4668-BE54-9A1E7A4F7556}") = "tarea de curso 2M1_is", "tarea de curso 2M1_is\tarea de curso 2M1_is.csproj", "{7564932D-EB12-4DCD-8924-730B68C79A43}"
EndProject
Project("{FAE04EC0-301F-11D3-BF4B-00C04F79EFBC}") = "SharedModels", "SharedModels\SharedModels.csproj", "{7A0E6855-22DE-4ACE-9FF9-F0B111E685E7}"
EndProject
Project("{FAE04EC0-301F-11D3-BF4B-00C04F79EFBC}") = "Empresa", "Empresa\Empresa.csproj", "{8389DE7D-6BAA-45C7-91E4-D96EC85CE42E}"
EndProject
Global
	GlobalSection(SolutionConfigurationPlatforms) = preSolution
		Debug|Any CPU = Debug|Any CPU
		Release|Any CPU = Release|Any CPU
	EndGlobalSection
	GlobalSection(ProjectConfigurationPlatforms) = postSolution
		{7564932D-EB12-4DCD-8924-730B68C79A43}.Debug|Any CPU.ActiveCfg = Debug|Any CPU
		{7564932D-EB12-4DCD-8924-730B68C79A43}.Debug|Any CPU.Build.0 = Debug|Any CPU
		{7564932D-EB12-4DCD-8924-730B68C79A43}.Release|Any CPU.ActiveCfg = Release|Any CPU
		{7564932D-EB12-4DCD-8924-730B68C79A43}.Release|Any CPU.Build.0 = Release|Any CPU
		{7A0E6855-22DE-4ACE-9FF9-F0B111E685E7}.Debug|Any CPU.ActiveCfg = Debug|Any CPU
		{7A0E6855-22DE-4ACE-9FF9-F0B111E685E7}.Debug|Any CPU.Build.0 = Debug|Any CPU
		{7A0E6855-22DE-4ACE-9FF9-F0B111E685E7}.Release|Any CPU.ActiveCfg = Release|Any CPU
		{7A0E6855-22DE-4ACE-9FF9-F0B111E685E7}.Release|Any CPU.Build.0 = Release|Any CPU
		{8389DE7D-6BAA-45C7-91E4-D96EC85CE42E}.Debug|Any CPU.ActiveCfg = Debug|Any CPU
		{8389DE7D-6BAA-45C7-91E4-D96EC85CE42E}.Debug|Any CPU.Build.0 = Debug|Any CPU
		{8389DE7D-6BAA-45C7-91E4-D96EC85CE42E}.Release|Any CPU.ActiveCfg = Release|Any CPU
		{8389DE7D-6BAA-45C7-91E4-D96EC85CE42E}.Release|Any CPU.Build.0 = Release|Any CPU
	EndGlobalSection
	GlobalSection(SolutionProperties) = preSolution
		HideSolutionNode = FALSE
	EndGlobalSection
	GlobalSection(ExtensibilityGlobals) = postSolution
		SolutionGuid = {F411AFF7-7FD5-4183-A3F3-9C811B020E7F}
	EndGlobalSection
EndGlobal
